
Microsoft Visual Studio Solution File, Format Version 12.00
# Visual Studio Version 17
VisualStudioVersion = 17.3.32922.545
MinimumVisualStudioVersion = 10.0.40219.1
Project("{FAE04EC0-301F-11D3-BF4B-00C04F79EFBC}") = "Assignment 1", "Assignment 1\Assignment 1.csproj", "{F174DAEB-5138-4357-90CA-8269928D1C87}"
EndProject
Global
	GlobalSection(SolutionConfigurationPlatforms) = preSolution
		Debug|Any CPU = Debug|Any CPU
		Release|Any CPU = Release|Any CPU
	EndGlobalSection
	GlobalSection(ProjectConfigurationPlatforms) = postSolution
		{F174DAEB-5138-4357-90CA-8269928D1C87}.Debug|Any CPU.ActiveCfg = Debug|Any CPU
		{F174DAEB-5138-4357-90CA-8269928D1C87}.Debug|Any CPU.Build.0 = Debug|Any CPU
		{F174DAEB-5138-4357-90CA-8269928D1C87}.Release|Any CPU.ActiveCfg = Release|Any CPU
		{F174DAEB-5138-4357-90CA-8269928D1C87}.Release|Any CPU.Build.0 = Release|Any CPU
	EndGlobalSection
	GlobalSection(SolutionProperties) = preSolution
		HideSolutionNode = FALSE
	EndGlobalSection
	GlobalSection(ExtensibilityGlobals) = postSolution
		SolutionGuid = {661362C1-7BA5-4B82-9521-F76729636976}
	EndGlobalSection
EndGlobal
