
Microsoft Visual Studio Solution File, Format Version 12.00
# Visual Studio Version 17
VisualStudioVersion = 17.3.32922.545
MinimumVisualStudioVersion = 10.0.40219.1
Project("{FAE04EC0-301F-11D3-BF4B-00C04F79EFBC}") = "Assignment 1", "Assignment 1\Assignment 1.csproj", "{F174DAEB-5138-4357-90CA-8269928D1C87}"
	ProjectSection(ProjectDependencies) = postProject
		{98B5045C-195E-4FAA-91DF-6C4CCE360D4F} = {98B5045C-195E-4FAA-91DF-6C4CCE360D4F}
	EndProjectSection
EndProject
Project("{E24C65DC-7377-472B-9ABA-BC803B73C61A}") = "MyService", "MyService\", "{98B5045C-195E-4FAA-91DF-6C4CCE360D4F}"
	ProjectSection(WebsiteProperties) = preProject
		TargetFrameworkMoniker = ".NETFramework,Version%3Dv4.7.2"
		Debug.AspNetCompiler.VirtualPath = "/localhost_8957"
		Debug.AspNetCompiler.PhysicalPath = "MyService\"
		Debug.AspNetCompiler.TargetPath = "PrecompiledWeb\localhost_8957\"
		Debug.AspNetCompiler.Updateable = "true"
		Debug.AspNetCompiler.ForceOverwrite = "true"
		Debug.AspNetCompiler.FixedNames = "false"
		Debug.AspNetCompiler.Debug = "True"
		Release.AspNetCompiler.VirtualPath = "/localhost_8957"
		Release.AspNetCompiler.PhysicalPath = "MyService\"
		Release.AspNetCompiler.TargetPath = "PrecompiledWeb\localhost_8957\"
		Release.AspNetCompiler.Updateable = "true"
		Release.AspNetCompiler.ForceOverwrite = "true"
		Release.AspNetCompiler.FixedNames = "false"
		Release.AspNetCompiler.Debug = "False"
		VWDPort = "8957"
		SlnRelativePath = "MyService\"
		DefaultWebSiteLanguage = "Visual C#"
	EndProjectSection
EndProject
Global
	GlobalSection(SolutionConfigurationPlatforms) = preSolution
		Debug|Any CPU = Debug|Any CPU
		Release|Any CPU = Release|Any CPU
	EndGlobalSection
	GlobalSection(ProjectConfigurationPlatforms) = postSolution
		{F174DAEB-5138-4357-90CA-8269928D1C87}.Debug|Any CPU.ActiveCfg = Debug|Any CPU
		{F174DAEB-5138-4357-90CA-8269928D1C87}.Debug|Any CPU.Build.0 = Debug|Any CPU
		{F174DAEB-5138-4357-90CA-8269928D1C87}.Release|Any CPU.ActiveCfg = Release|Any CPU
		{F174DAEB-5138-4357-90CA-8269928D1C87}.Release|Any CPU.Build.0 = Release|Any CPU
		{98B5045C-195E-4FAA-91DF-6C4CCE360D4F}.Debug|Any CPU.ActiveCfg = Debug|Any CPU
		{98B5045C-195E-4FAA-91DF-6C4CCE360D4F}.Debug|Any CPU.Build.0 = Debug|Any CPU
		{98B5045C-195E-4FAA-91DF-6C4CCE360D4F}.Release|Any CPU.ActiveCfg = Debug|Any CPU
		{98B5045C-195E-4FAA-91DF-6C4CCE360D4F}.Release|Any CPU.Build.0 = Debug|Any CPU
	EndGlobalSection
	GlobalSection(SolutionProperties) = preSolution
		HideSolutionNode = FALSE
	EndGlobalSection
	GlobalSection(ExtensibilityGlobals) = postSolution
		SolutionGuid = {661362C1-7BA5-4B82-9521-F76729636976}
	EndGlobalSection
EndGlobal
